{
  "name": "@looped-lines-test-org/testpackage-c",
  "version": "1.0.2",
  "lockfileVersion": 1,
  "requires": true,
  "dependencies": {
    "@looped-lines-test-org/testpackage-a": {
      "version": "1.0.0",
      "resolved": "https://registry.npmjs.org/@looped-lines-test-org/testpackage-a/-/testpackage-a-1.0.0.tgz",
      "integrity": "sha512-d2+cz23zplyS8UNM01Sgkd7BuwKnAy/vaBVh33kzil4XDeWFpsiV4rA1JIc5DrKpywvqj9Rw1xqEwsZWQkO77g=="
    },
    "@looped-lines-test-org/testpackage-b": {
      "version": "1.0.0",
      "resolved": "https://registry.npmjs.org/@looped-lines-test-org/testpackage-b/-/testpackage-b-1.0.0.tgz",
      "integrity": "sha512-4XYpm5u3e7P2z1vp85pKpeSbcIW/JfuihQ3s8/ePahzuR27Uqs3pjq762s0hY3qRttCzCAUn02Dt+5QGtuqBaQ=="
    }
  }
}
